
Microsoft Visual Studio Solution File, Format Version 12.00
# Visual Studio 15
VisualStudioVersion = 15.0.28307.168
MinimumVisualStudioVersion = 10.0.40219.1
Project("{9A19103F-16F7-4668-BE54-9A1E7A4F7556}") = "UserRegistrationApi", "UserRegistrationApi\UserRegistrationApi.csproj", "{32D94C38-6185-4801-85C0-F047627B4407}"
EndProject
Project("{00D1A9C2-B5F0-4AF3-8072-F6C62B433612}") = "UserRegistrationdb", "UserRegistrationdb\UserRegistrationdb.sqlproj", "{15DDD6B7-5F85-41C6-80B8-0EE4958A068C}"
EndProject
Global
	GlobalSection(SolutionConfigurationPlatforms) = preSolution
		Debug|Any CPU = Debug|Any CPU
		Release|Any CPU = Release|Any CPU
	EndGlobalSection
	GlobalSection(ProjectConfigurationPlatforms) = postSolution
		{32D94C38-6185-4801-85C0-F047627B4407}.Debug|Any CPU.ActiveCfg = Debug|Any CPU
		{32D94C38-6185-4801-85C0-F047627B4407}.Debug|Any CPU.Build.0 = Debug|Any CPU
		{32D94C38-6185-4801-85C0-F047627B4407}.Release|Any CPU.ActiveCfg = Release|Any CPU
		{32D94C38-6185-4801-85C0-F047627B4407}.Release|Any CPU.Build.0 = Release|Any CPU
		{15DDD6B7-5F85-41C6-80B8-0EE4958A068C}.Debug|Any CPU.ActiveCfg = Debug|Any CPU
		{15DDD6B7-5F85-41C6-80B8-0EE4958A068C}.Debug|Any CPU.Build.0 = Debug|Any CPU
		{15DDD6B7-5F85-41C6-80B8-0EE4958A068C}.Debug|Any CPU.Deploy.0 = Debug|Any CPU
		{15DDD6B7-5F85-41C6-80B8-0EE4958A068C}.Release|Any CPU.ActiveCfg = Release|Any CPU
		{15DDD6B7-5F85-41C6-80B8-0EE4958A068C}.Release|Any CPU.Build.0 = Release|Any CPU
		{15DDD6B7-5F85-41C6-80B8-0EE4958A068C}.Release|Any CPU.Deploy.0 = Release|Any CPU
	EndGlobalSection
	GlobalSection(SolutionProperties) = preSolution
		HideSolutionNode = FALSE
	EndGlobalSection
	GlobalSection(ExtensibilityGlobals) = postSolution
		SolutionGuid = {CE8CC341-74DC-4E34-B2C3-474B8FD31AF6}
	EndGlobalSection
EndGlobal
